
Microsoft Visual Studio Solution File, Format Version 12.00
# Visual Studio 2013
VisualStudioVersion = 12.0.30501.0
MinimumVisualStudioVersion = 10.0.40219.1
Project("{FAE04EC0-301F-11D3-BF4B-00C04F79EFBC}") = "ThisOldSpouse", "ThisOldSpouse\ThisOldSpouse.csproj", "{B580ECCA-5DD7-4840-92FF-3C31905931EE}"
EndProject
Project("{FAE04EC0-301F-11D3-BF4B-00C04F79EFBC}") = "ThisOldSpouseNet4", "ThisOldSpouseNet4\ThisOldSpouseNet4.csproj", "{AAED3082-B756-4557-9C59-782A56B49752}"
EndProject
Global
	GlobalSection(SolutionConfigurationPlatforms) = preSolution
		Debug|Any CPU = Debug|Any CPU
		Release|Any CPU = Release|Any CPU
	EndGlobalSection
	GlobalSection(ProjectConfigurationPlatforms) = postSolution
		{B580ECCA-5DD7-4840-92FF-3C31905931EE}.Debug|Any CPU.ActiveCfg = Debug|Any CPU
		{B580ECCA-5DD7-4840-92FF-3C31905931EE}.Debug|Any CPU.Build.0 = Debug|Any CPU
		{B580ECCA-5DD7-4840-92FF-3C31905931EE}.Release|Any CPU.ActiveCfg = Release|Any CPU
		{B580ECCA-5DD7-4840-92FF-3C31905931EE}.Release|Any CPU.Build.0 = Release|Any CPU
		{AAED3082-B756-4557-9C59-782A56B49752}.Debug|Any CPU.ActiveCfg = Debug|Any CPU
		{AAED3082-B756-4557-9C59-782A56B49752}.Debug|Any CPU.Build.0 = Debug|Any CPU
		{AAED3082-B756-4557-9C59-782A56B49752}.Release|Any CPU.ActiveCfg = Release|Any CPU
		{AAED3082-B756-4557-9C59-782A56B49752}.Release|Any CPU.Build.0 = Release|Any CPU
	EndGlobalSection
	GlobalSection(SolutionProperties) = preSolution
		HideSolutionNode = FALSE
	EndGlobalSection
EndGlobal
